// !$*UTF8*$!
{
	archiveVersion = 1;
	classes = {
	};
	objectVersion = 77;
	objects = {

/* Begin PBXBuildFile section */
		BF0811A62E6E17AE00A17EEE /* classifier in Frameworks */ = {isa = PBXBuildFile; productRef = BF0811A52E6E17AE00A17EEE /* classifier */; };
		BFF5C86A2E6D4ED000702566 /* classifier in Frameworks */ = {isa = PBXBuildFile; productRef = BFF5C8692E6D4ED000702566 /* classifier */; };
/* End PBXBuildFile section */

/* Begin PBXCopyFilesBuildPhase section */
		BF08119A2E6E177F00A17EEE /* Copy Files */ = {
			isa = PBXCopyFilesBuildPhase;
			buildActionMask = 12;
			dstPath = "";
			dstSubfolderSpec = 16;
			files = (
			);
			name = "Copy Files";
			runOnlyForDeploymentPostprocessing = 0;
		};
		BF0811AA2E6E17CA00A17EEE /* CopyFiles */ = {
			isa = PBXCopyFilesBuildPhase;
			buildActionMask = 2147483647;
			dstPath = "";
			dstSubfolderSpec = 10;
			files = (
			);
			runOnlyForDeploymentPostprocessing = 0;
		};
		BF8DA9922E702B8E00DBF956 /* CopyFiles */ = {
			isa = PBXCopyFilesBuildPhase;
			buildActionMask = 2147483647;
			dstPath = "";
			dstSubfolderSpec = 10;
			files = (
			);
			runOnlyForDeploymentPostprocessing = 0;
		};
/* End PBXCopyFilesBuildPhase section */

/* Begin PBXFileReference section */
		BF08119C2E6E177F00A17EEE /* geo-coord-classifier-cli */ = {isa = PBXFileReference; explicitFileType = "compiled.mach-o.executable"; includeInIndex = 0; path = "geo-coord-classifier-cli"; sourceTree = BUILT_PRODUCTS_DIR; };
		BFF5C84F2E6D4E1B00702566 /* geo-coord-classifier.app */ = {isa = PBXFileReference; explicitFileType = wrapper.application; includeInIndex = 0; path = "geo-coord-classifier.app"; sourceTree = BUILT_PRODUCTS_DIR; };
		BFF5C8652E6D4EA400702566 /* classifier */ = {isa = PBXFileReference; lastKnownFileType = wrapper; path = classifier; sourceTree = "<group>"; };
/* End PBXFileReference section */

/* Begin PBXFileSystemSynchronizedBuildFileExceptionSet section */
		BF8DA9A22E70366100DBF956 /* Exceptions for "onnxruntime-release" folder in "geo-coord-classifier" target */ = {
			isa = PBXFileSystemSynchronizedBuildFileExceptionSet;
			membershipExceptions = (
				libonnxruntime.1.23.0.dylib,
			);
			target = BFF5C84E2E6D4E1B00702566 /* geo-coord-classifier */;
		};
		BF8DA9A62E7037B600DBF956 /* Exceptions for "onnxruntime-release" folder in "geo-coord-classifier-cli" target */ = {
			isa = PBXFileSystemSynchronizedBuildFileExceptionSet;
			membershipExceptions = (
				macosx/lib/libonnxruntime.1.23.0.dylib,
			);
			target = BF08119B2E6E177F00A17EEE /* geo-coord-classifier-cli */;
		};
		BFF5C8782E6D5BB600702566 /* Exceptions for "data" folder in "geo-coord-classifier" target */ = {
			isa = PBXFileSystemSynchronizedBuildFileExceptionSet;
			membershipExceptions = (
				"classify-city-gc.svg",
				"classify-city-gc2.svg",
				model.onnx,
				test.json,
			);
			target = BFF5C84E2E6D4E1B00702566 /* geo-coord-classifier */;
		};
/* End PBXFileSystemSynchronizedBuildFileExceptionSet section */

/* Begin PBXFileSystemSynchronizedGroupBuildPhaseMembershipExceptionSet section */
		BF0811A92E6E17BF00A17EEE /* Exceptions for "data" folder in "Copy Files" phase from "geo-coord-classifier-cli" target */ = {
			isa = PBXFileSystemSynchronizedGroupBuildPhaseMembershipExceptionSet;
			buildPhase = BF08119A2E6E177F00A17EEE /* Copy Files */;
			membershipExceptions = (
				model.onnx,
				test.json,
			);
		};
		BF8DA9A02E70331C00DBF956 /* Exceptions for "onnxruntime-release" folder in "Copy Files" phase from "geo-coord-classifier" target */ = {
			isa = PBXFileSystemSynchronizedGroupBuildPhaseMembershipExceptionSet;
			attributesByRelativePath = {
				libonnxruntime.1.23.0.dylib = (CodeSignOnCopy, );
			};
			buildPhase = BF8DA9922E702B8E00DBF956 /* CopyFiles */;
			membershipExceptions = (
				libonnxruntime.1.23.0.dylib,
			);
		};
		BF8DA9A42E70377200DBF956 /* Exceptions for "onnxruntime-release" folder in "Copy Files" phase from "geo-coord-classifier-cli" target */ = {
			isa = PBXFileSystemSynchronizedGroupBuildPhaseMembershipExceptionSet;
			attributesByRelativePath = {
				macosx/lib/libonnxruntime.1.23.0.dylib = (CodeSignOnCopy, );
			};
			buildPhase = BF0811AA2E6E17CA00A17EEE /* CopyFiles */;
			membershipExceptions = (
				macosx/lib/libonnxruntime.1.23.0.dylib,
			);
		};
/* End PBXFileSystemSynchronizedGroupBuildPhaseMembershipExceptionSet section */

/* Begin PBXFileSystemSynchronizedRootGroup section */
		BF08119D2E6E177F00A17EEE /* geo-coord-classifier-cli */ = {
			isa = PBXFileSystemSynchronizedRootGroup;
			path = "geo-coord-classifier-cli";
			sourceTree = "<group>";
		};
		BF8DA8EF2E701C7A00DBF956 /* onnxruntime-release */ = {
			isa = PBXFileSystemSynchronizedRootGroup;
			exceptions = (
				BF8DA9A22E70366100DBF956 /* Exceptions for "onnxruntime-release" folder in "geo-coord-classifier" target */,
				BF8DA9A02E70331C00DBF956 /* Exceptions for "onnxruntime-release" folder in "Copy Files" phase from "geo-coord-classifier" target */,
				BF8DA9A62E7037B600DBF956 /* Exceptions for "onnxruntime-release" folder in "geo-coord-classifier-cli" target */,
				BF8DA9A42E70377200DBF956 /* Exceptions for "onnxruntime-release" folder in "Copy Files" phase from "geo-coord-classifier-cli" target */,
			);
			path = "onnxruntime-release";
			sourceTree = "<group>";
		};
		BFF5C8512E6D4E1B00702566 /* geo-coord-classifier */ = {
			isa = PBXFileSystemSynchronizedRootGroup;
			path = "geo-coord-classifier";
			sourceTree = "<group>";
		};
		BFF5C86F2E6D5AC900702566 /* data */ = {
			isa = PBXFileSystemSynchronizedRootGroup;
			exceptions = (
				BFF5C8782E6D5BB600702566 /* Exceptions for "data" folder in "geo-coord-classifier" target */,
				BF0811A92E6E17BF00A17EEE /* Exceptions for "data" folder in "Copy Files" phase from "geo-coord-classifier-cli" target */,
			);
			path = data;
			sourceTree = "<group>";
		};
/* End PBXFileSystemSynchronizedRootGroup section */

/* Begin PBXFrameworksBuildPhase section */
		BF0811992E6E177F00A17EEE /* Frameworks */ = {
			isa = PBXFrameworksBuildPhase;
			buildActionMask = 2147483647;
			files = (
				BF0811A62E6E17AE00A17EEE /* classifier in Frameworks */,
			);
			runOnlyForDeploymentPostprocessing = 0;
		};
		BFF5C84C2E6D4E1B00702566 /* Frameworks */ = {
			isa = PBXFrameworksBuildPhase;
			buildActionMask = 2147483647;
			files = (
				BFF5C86A2E6D4ED000702566 /* classifier in Frameworks */,
			);
			runOnlyForDeploymentPostprocessing = 0;
		};
/* End PBXFrameworksBuildPhase section */

/* Begin PBXGroup section */
		BFF5C8462E6D4E1A00702566 = {
			isa = PBXGroup;
			children = (
				BFF5C8512E6D4E1B00702566 /* geo-coord-classifier */,
				BFF5C8652E6D4EA400702566 /* classifier */,
				BF08119D2E6E177F00A17EEE /* geo-coord-classifier-cli */,
				BFF5C8682E6D4ED000702566 /* Frameworks */,
				BFF5C8502E6D4E1B00702566 /* Products */,
			);
			sourceTree = "<group>";
		};
		BFF5C8502E6D4E1B00702566 /* Products */ = {
			isa = PBXGroup;
			children = (
				BFF5C84F2E6D4E1B00702566 /* geo-coord-classifier.app */,
				BF08119C2E6E177F00A17EEE /* geo-coord-classifier-cli */,
			);
			name = Products;
			sourceTree = "<group>";
		};
		BFF5C8682E6D4ED000702566 /* Frameworks */ = {
			isa = PBXGroup;
			children = (
				BFF5C86F2E6D5AC900702566 /* data */,
				BF8DA8EF2E701C7A00DBF956 /* onnxruntime-release */,
			);
			name = Frameworks;
			sourceTree = "<group>";
		};
/* End PBXGroup section */

/* Begin PBXNativeTarget section */
		BF08119B2E6E177F00A17EEE /* geo-coord-classifier-cli */ = {
			isa = PBXNativeTarget;
			buildConfigurationList = BF0811A22E6E177F00A17EEE /* Build configuration list for PBXNativeTarget "geo-coord-classifier-cli" */;
			buildPhases = (
				BF0811AA2E6E17CA00A17EEE /* CopyFiles */,
				BF0811982E6E177F00A17EEE /* Sources */,
				BF0811992E6E177F00A17EEE /* Frameworks */,
				BF08119A2E6E177F00A17EEE /* Copy Files */,
			);
			buildRules = (
			);
			dependencies = (
				BF0811A42E6E17A300A17EEE /* PBXTargetDependency */,
			);
			fileSystemSynchronizedGroups = (
				BF08119D2E6E177F00A17EEE /* geo-coord-classifier-cli */,
			);
			name = "geo-coord-classifier-cli";
			packageProductDependencies = (
				BF0811A52E6E17AE00A17EEE /* classifier */,
			);
			productName = "geo-coord-classifier-cli";
			productReference = BF08119C2E6E177F00A17EEE /* geo-coord-classifier-cli */;
			productType = "com.apple.product-type.tool";
		};
		BFF5C84E2E6D4E1B00702566 /* geo-coord-classifier */ = {
			isa = PBXNativeTarget;
			buildConfigurationList = BFF5C85B2E6D4E1C00702566 /* Build configuration list for PBXNativeTarget "geo-coord-classifier" */;
			buildPhases = (
				BF8DA98F2E70209500DBF956 /* ShellScript */,
				BF8DA9922E702B8E00DBF956 /* CopyFiles */,
				BFF5C84B2E6D4E1B00702566 /* Sources */,
				BFF5C84C2E6D4E1B00702566 /* Frameworks */,
				BFF5C84D2E6D4E1B00702566 /* Resources */,
			);
			buildRules = (
			);
			dependencies = (
				BFF5C8672E6D4EC400702566 /* PBXTargetDependency */,
			);
			fileSystemSynchronizedGroups = (
				BFF5C8512E6D4E1B00702566 /* geo-coord-classifier */,
			);
			name = "geo-coord-classifier";
			packageProductDependencies = (
				BFF5C8692E6D4ED000702566 /* classifier */,
			);
			productName = "geo-coord-classifier";
			productReference = BFF5C84F2E6D4E1B00702566 /* geo-coord-classifier.app */;
			productType = "com.apple.product-type.application";
		};
/* End PBXNativeTarget section */

/* Begin PBXProject section */
		BFF5C8472E6D4E1A00702566 /* Project object */ = {
			isa = PBXProject;
			attributes = {
				BuildIndependentTargetsInParallel = 1;
				LastSwiftUpdateCheck = 1640;
				LastUpgradeCheck = 1640;
				TargetAttributes = {
					BF08119B2E6E177F00A17EEE = {
						CreatedOnToolsVersion = 16.4;
					};
					BFF5C84E2E6D4E1B00702566 = {
						CreatedOnToolsVersion = 16.4;
					};
				};
			};
			buildConfigurationList = BFF5C84A2E6D4E1A00702566 /* Build configuration list for PBXProject "geo-coord-classifier" */;
			developmentRegion = en;
			hasScannedForEncodings = 0;
			knownRegions = (
				en,
				Base,
			);
			mainGroup = BFF5C8462E6D4E1A00702566;
			minimizedProjectReferenceProxies = 1;
			preferredProjectObjectVersion = 77;
			productRefGroup = BFF5C8502E6D4E1B00702566 /* Products */;
			projectDirPath = "";
			projectRoot = "";
			targets = (
				BFF5C84E2E6D4E1B00702566 /* geo-coord-classifier */,
				BF08119B2E6E177F00A17EEE /* geo-coord-classifier-cli */,
			);
		};
/* End PBXProject section */

/* Begin PBXResourcesBuildPhase section */
		BFF5C84D2E6D4E1B00702566 /* Resources */ = {
			isa = PBXResourcesBuildPhase;
			buildActionMask = 2147483647;
			files = (
			);
			runOnlyForDeploymentPostprocessing = 0;
		};
/* End PBXResourcesBuildPhase section */

/* Begin PBXShellScriptBuildPhase section */
		BF8DA98F2E70209500DBF956 /* ShellScript */ = {
			isa = PBXShellScriptBuildPhase;
			alwaysOutOfDate = 1;
			buildActionMask = 2147483647;
			files = (
			);
			inputFileListPaths = (
			);
			inputPaths = (
			);
			outputFileListPaths = (
			);
			outputPaths = (
				"$(LIB_ROOT)/libonnxruntime.dylib",
			);
			runOnlyForDeploymentPostprocessing = 0;
			shellPath = /bin/sh;
			shellScript = "set -euo pipefail\n\necho \"STEP1: Preparing Frameworks directory\"\n\nLIB_ROOT=\"${SRCROOT}/onnxruntime-release\"\nFRAMEWORKS_DIR=\"${TARGET_BUILD_DIR}/${FRAMEWORKS_FOLDER_PATH}\"\nmkdir -p \"${FRAMEWORKS_DIR}\"\n\nrm -fv ${LIB_ROOT}/*dylib\n\necho \"Copying ONNX Runtime dylibs for platform: ${PLATFORM_NAME}\"\n\ncase \"${PLATFORM_NAME}\" in\n  iphoneos)        SOURCE_DIR=\"${LIB_ROOT}/iphoneos/lib\" ;;\n  iphonesimulator) SOURCE_DIR=\"${LIB_ROOT}/iphonesimulator/lib\" ;;\n  macosx)          SOURCE_DIR=\"${LIB_ROOT}/macosx/lib\" ;;\n  *) echo \"Unsupported platform: ${PLATFORM_NAME}\" ; exit 1 ;;\nesac\n\necho \"STEP2: Copying dylibs\"\nfor dylib in \"${SOURCE_DIR}\"/libonnxruntime.1.23.0.dylib; do\n  echo \"Copying $dylib → ${LIB_ROOT}\"\n  cp -af \"$dylib\" \"${LIB_ROOT}/\"\ndone\n\necho \"STEP3: Done\"\n";
		};
/* End PBXShellScriptBuildPhase section */

/* Begin PBXSourcesBuildPhase section */
		BF0811982E6E177F00A17EEE /* Sources */ = {
			isa = PBXSourcesBuildPhase;
			buildActionMask = 2147483647;
			files = (
			);
			runOnlyForDeploymentPostprocessing = 0;
		};
		BFF5C84B2E6D4E1B00702566 /* Sources */ = {
			isa = PBXSourcesBuildPhase;
			buildActionMask = 2147483647;
			files = (
			);
			runOnlyForDeploymentPostprocessing = 0;
		};
/* End PBXSourcesBuildPhase section */

/* Begin PBXTargetDependency section */
		BF0811A42E6E17A300A17EEE /* PBXTargetDependency */ = {
			isa = PBXTargetDependency;
			productRef = BF0811A32E6E17A300A17EEE /* classifier */;
		};
		BFF5C8672E6D4EC400702566 /* PBXTargetDependency */ = {
			isa = PBXTargetDependency;
			productRef = BFF5C8662E6D4EC400702566 /* classifier */;
		};
/* End PBXTargetDependency section */

/* Begin XCBuildConfiguration section */
		BF0811A02E6E177F00A17EEE /* Debug */ = {
			isa = XCBuildConfiguration;
			buildSettings = {
				CODE_SIGN_STYLE = Automatic;
				DEVELOPMENT_TEAM = XWRU5YDXZ6;
				ENABLE_HARDENED_RUNTIME = YES;
				LIBRARY_SEARCH_PATHS = (
					"$(inherited)",
					"$(PROJECT_DIR)/onnxruntime-release/macosx/lib",
				);
				MACOSX_DEPLOYMENT_TARGET = 15.5;
				PRODUCT_NAME = "$(TARGET_NAME)";
				SDKROOT = macosx;
				SWIFT_OBJC_INTEROP_MODE = objcxx;
				SWIFT_VERSION = 5.0;
			};
			name = Debug;
		};
		BF0811A12E6E177F00A17EEE /* Release */ = {
			isa = XCBuildConfiguration;
			buildSettings = {
				CODE_SIGN_STYLE = Automatic;
				DEVELOPMENT_TEAM = XWRU5YDXZ6;
				ENABLE_HARDENED_RUNTIME = YES;
				LIBRARY_SEARCH_PATHS = (
					"$(inherited)",
					"$(PROJECT_DIR)/onnxruntime-release/macosx/lib",
				);
				MACOSX_DEPLOYMENT_TARGET = 15.5;
				PRODUCT_NAME = "$(TARGET_NAME)";
				SDKROOT = macosx;
				SWIFT_OBJC_INTEROP_MODE = objcxx;
				SWIFT_VERSION = 5.0;
			};
			name = Release;
		};
		BFF5C8592E6D4E1C00702566 /* Debug */ = {
			isa = XCBuildConfiguration;
			buildSettings = {
				ALWAYS_SEARCH_USER_PATHS = NO;
				ASSETCATALOG_COMPILER_GENERATE_SWIFT_ASSET_SYMBOL_EXTENSIONS = YES;
				CLANG_ANALYZER_NONNULL = YES;
				CLANG_ANALYZER_NUMBER_OBJECT_CONVERSION = YES_AGGRESSIVE;
				CLANG_CXX_LANGUAGE_STANDARD = "gnu++20";
				CLANG_ENABLE_MODULES = YES;
				CLANG_ENABLE_OBJC_ARC = YES;
				CLANG_ENABLE_OBJC_WEAK = YES;
				CLANG_WARN_BLOCK_CAPTURE_AUTORELEASING = YES;
				CLANG_WARN_BOOL_CONVERSION = YES;
				CLANG_WARN_COMMA = YES;
				CLANG_WARN_CONSTANT_CONVERSION = YES;
				CLANG_WARN_DEPRECATED_OBJC_IMPLEMENTATIONS = YES;
				CLANG_WARN_DIRECT_OBJC_ISA_USAGE = YES_ERROR;
				CLANG_WARN_DOCUMENTATION_COMMENTS = YES;
				CLANG_WARN_EMPTY_BODY = YES;
				CLANG_WARN_ENUM_CONVERSION = YES;
				CLANG_WARN_INFINITE_RECURSION = YES;
				CLANG_WARN_INT_CONVERSION = YES;
				CLANG_WARN_NON_LITERAL_NULL_CONVERSION = YES;
				CLANG_WARN_OBJC_IMPLICIT_RETAIN_SELF = YES;
				CLANG_WARN_OBJC_LITERAL_CONVERSION = YES;
				CLANG_WARN_OBJC_ROOT_CLASS = YES_ERROR;
				CLANG_WARN_QUOTED_INCLUDE_IN_FRAMEWORK_HEADER = YES;
				CLANG_WARN_RANGE_LOOP_ANALYSIS = YES;
				CLANG_WARN_STRICT_PROTOTYPES = YES;
				CLANG_WARN_SUSPICIOUS_MOVE = YES;
				CLANG_WARN_UNGUARDED_AVAILABILITY = YES_AGGRESSIVE;
				CLANG_WARN_UNREACHABLE_CODE = YES;
				CLANG_WARN__DUPLICATE_METHOD_MATCH = YES;
				COPY_PHASE_STRIP = NO;
				DEBUG_INFORMATION_FORMAT = dwarf;
				ENABLE_STRICT_OBJC_MSGSEND = YES;
				ENABLE_TESTABILITY = YES;
				ENABLE_USER_SCRIPT_SANDBOXING = YES;
				GCC_C_LANGUAGE_STANDARD = gnu17;
				GCC_DYNAMIC_NO_PIC = NO;
				GCC_NO_COMMON_BLOCKS = YES;
				GCC_OPTIMIZATION_LEVEL = 0;
				GCC_PREPROCESSOR_DEFINITIONS = (
					"DEBUG=1",
					"$(inherited)",
				);
				GCC_WARN_64_TO_32_BIT_CONVERSION = YES;
				GCC_WARN_ABOUT_RETURN_TYPE = YES_ERROR;
				GCC_WARN_UNDECLARED_SELECTOR = YES;
				GCC_WARN_UNINITIALIZED_AUTOS = YES_AGGRESSIVE;
				GCC_WARN_UNUSED_FUNCTION = YES;
				GCC_WARN_UNUSED_VARIABLE = YES;
				LOCALIZATION_PREFERS_STRING_CATALOGS = YES;
				MTL_ENABLE_DEBUG_INFO = INCLUDE_SOURCE;
				MTL_FAST_MATH = YES;
				ONLY_ACTIVE_ARCH = YES;
				SWIFT_ACTIVE_COMPILATION_CONDITIONS = "DEBUG $(inherited)";
				SWIFT_OPTIMIZATION_LEVEL = "-Onone";
			};
			name = Debug;
		};
		BFF5C85A2E6D4E1C00702566 /* Release */ = {
			isa = XCBuildConfiguration;
			buildSettings = {
				ALWAYS_SEARCH_USER_PATHS = NO;
				ASSETCATALOG_COMPILER_GENERATE_SWIFT_ASSET_SYMBOL_EXTENSIONS = YES;
				CLANG_ANALYZER_NONNULL = YES;
				CLANG_ANALYZER_NUMBER_OBJECT_CONVERSION = YES_AGGRESSIVE;
				CLANG_CXX_LANGUAGE_STANDARD = "gnu++20";
				CLANG_ENABLE_MODULES = YES;
				CLANG_ENABLE_OBJC_ARC = YES;
				CLANG_ENABLE_OBJC_WEAK = YES;
				CLANG_WARN_BLOCK_CAPTURE_AUTORELEASING = YES;
				CLANG_WARN_BOOL_CONVERSION = YES;
				CLANG_WARN_COMMA = YES;
				CLANG_WARN_CONSTANT_CONVERSION = YES;
				CLANG_WARN_DEPRECATED_OBJC_IMPLEMENTATIONS = YES;
				CLANG_WARN_DIRECT_OBJC_ISA_USAGE = YES_ERROR;
				CLANG_WARN_DOCUMENTATION_COMMENTS = YES;
				CLANG_WARN_EMPTY_BODY = YES;
				CLANG_WARN_ENUM_CONVERSION = YES;
				CLANG_WARN_INFINITE_RECURSION = YES;
				CLANG_WARN_INT_CONVERSION = YES;
				CLANG_WARN_NON_LITERAL_NULL_CONVERSION = YES;
				CLANG_WARN_OBJC_IMPLICIT_RETAIN_SELF = YES;
				CLANG_WARN_OBJC_LITERAL_CONVERSION = YES;
				CLANG_WARN_OBJC_ROOT_CLASS = YES_ERROR;
				CLANG_WARN_QUOTED_INCLUDE_IN_FRAMEWORK_HEADER = YES;
				CLANG_WARN_RANGE_LOOP_ANALYSIS = YES;
				CLANG_WARN_STRICT_PROTOTYPES = YES;
				CLANG_WARN_SUSPICIOUS_MOVE = YES;
				CLANG_WARN_UNGUARDED_AVAILABILITY = YES_AGGRESSIVE;
				CLANG_WARN_UNREACHABLE_CODE = YES;
				CLANG_WARN__DUPLICATE_METHOD_MATCH = YES;
				COPY_PHASE_STRIP = NO;
				DEBUG_INFORMATION_FORMAT = "dwarf-with-dsym";
				ENABLE_NS_ASSERTIONS = NO;
				ENABLE_STRICT_OBJC_MSGSEND = YES;
				ENABLE_USER_SCRIPT_SANDBOXING = YES;
				GCC_C_LANGUAGE_STANDARD = gnu17;
				GCC_NO_COMMON_BLOCKS = YES;
				GCC_WARN_64_TO_32_BIT_CONVERSION = YES;
				GCC_WARN_ABOUT_RETURN_TYPE = YES_ERROR;
				GCC_WARN_UNDECLARED_SELECTOR = YES;
				GCC_WARN_UNINITIALIZED_AUTOS = YES_AGGRESSIVE;
				GCC_WARN_UNUSED_FUNCTION = YES;
				GCC_WARN_UNUSED_VARIABLE = YES;
				LOCALIZATION_PREFERS_STRING_CATALOGS = YES;
				MTL_ENABLE_DEBUG_INFO = NO;
				MTL_FAST_MATH = YES;
				SWIFT_COMPILATION_MODE = wholemodule;
			};
			name = Release;
		};
		BFF5C85C2E6D4E1C00702566 /* Debug */ = {
			isa = XCBuildConfiguration;
			buildSettings = {
				ASSETCATALOG_COMPILER_APPICON_NAME = AppIcon;
				ASSETCATALOG_COMPILER_GLOBAL_ACCENT_COLOR_NAME = AccentColor;
				CODE_SIGN_ENTITLEMENTS = "geo-coord-classifier/geo_coord_classifier.entitlements";
				CODE_SIGN_STYLE = Automatic;
				CURRENT_PROJECT_VERSION = 1;
				DEVELOPMENT_TEAM = XWRU5YDXZ6;
				ENABLE_PREVIEWS = YES;
				ENABLE_USER_SCRIPT_SANDBOXING = NO;
				GENERATE_INFOPLIST_FILE = YES;
				INFOPLIST_KEY_LSApplicationCategoryType = "public.app-category.developer-tools";
				"INFOPLIST_KEY_UIApplicationSceneManifest_Generation[sdk=iphoneos*]" = YES;
				"INFOPLIST_KEY_UIApplicationSceneManifest_Generation[sdk=iphonesimulator*]" = YES;
				"INFOPLIST_KEY_UIApplicationSupportsIndirectInputEvents[sdk=iphoneos*]" = YES;
				"INFOPLIST_KEY_UIApplicationSupportsIndirectInputEvents[sdk=iphonesimulator*]" = YES;
				"INFOPLIST_KEY_UILaunchScreen_Generation[sdk=iphoneos*]" = YES;
				"INFOPLIST_KEY_UILaunchScreen_Generation[sdk=iphonesimulator*]" = YES;
				"INFOPLIST_KEY_UIStatusBarStyle[sdk=iphoneos*]" = UIStatusBarStyleDefault;
				"INFOPLIST_KEY_UIStatusBarStyle[sdk=iphonesimulator*]" = UIStatusBarStyleDefault;
				INFOPLIST_KEY_UISupportedInterfaceOrientations = UIInterfaceOrientationPortrait;
				INFOPLIST_KEY_UISupportedInterfaceOrientations_iPad = "UIInterfaceOrientationLandscapeLeft UIInterfaceOrientationLandscapeRight UIInterfaceOrientationPortrait UIInterfaceOrientationPortraitUpsideDown";
				IPHONEOS_DEPLOYMENT_TARGET = 18.0;
				LD_RUNPATH_SEARCH_PATHS = "@executable_path/Frameworks";
				"LD_RUNPATH_SEARCH_PATHS[sdk=macosx*]" = "@executable_path/../Frameworks";
				LIBRARY_SEARCH_PATHS = (
					"$(inherited)",
					"$(PROJECT_DIR)/onnxruntime-release",
				);
				MACOSX_DEPLOYMENT_TARGET = 15.5;
				MARKETING_VERSION = 1.0;
				PRODUCT_BUNDLE_IDENTIFIER = "MP.geo-coord-classifier";
				PRODUCT_NAME = "$(TARGET_NAME)";
				REGISTER_APP_GROUPS = YES;
				SDKROOT = auto;
				SUPPORTED_PLATFORMS = "iphoneos iphonesimulator macosx xros xrsimulator";
				SWIFT_EMIT_LOC_STRINGS = YES;
				SWIFT_OBJC_INTEROP_MODE = objcxx;
				SWIFT_VERSION = 5.0;
				TARGETED_DEVICE_FAMILY = "1,2,7";
				XROS_DEPLOYMENT_TARGET = 2.5;
			};
			name = Debug;
		};
		BFF5C85D2E6D4E1C00702566 /* Release */ = {
			isa = XCBuildConfiguration;
			buildSettings = {
				ASSETCATALOG_COMPILER_APPICON_NAME = AppIcon;
				ASSETCATALOG_COMPILER_GLOBAL_ACCENT_COLOR_NAME = AccentColor;
				CODE_SIGN_ENTITLEMENTS = "geo-coord-classifier/geo_coord_classifier.entitlements";
				CODE_SIGN_STYLE = Automatic;
				CURRENT_PROJECT_VERSION = 1;
				DEVELOPMENT_TEAM = XWRU5YDXZ6;
				ENABLE_PREVIEWS = YES;
				ENABLE_USER_SCRIPT_SANDBOXING = NO;
				GENERATE_INFOPLIST_FILE = YES;
				INFOPLIST_KEY_LSApplicationCategoryType = "public.app-category.developer-tools";
				"INFOPLIST_KEY_UIApplicationSceneManifest_Generation[sdk=iphoneos*]" = YES;
				"INFOPLIST_KEY_UIApplicationSceneManifest_Generation[sdk=iphonesimulator*]" = YES;
				"INFOPLIST_KEY_UIApplicationSupportsIndirectInputEvents[sdk=iphoneos*]" = YES;
				"INFOPLIST_KEY_UIApplicationSupportsIndirectInputEvents[sdk=iphonesimulator*]" = YES;
				"INFOPLIST_KEY_UILaunchScreen_Generation[sdk=iphoneos*]" = YES;
				"INFOPLIST_KEY_UILaunchScreen_Generation[sdk=iphonesimulator*]" = YES;
				"INFOPLIST_KEY_UIStatusBarStyle[sdk=iphoneos*]" = UIStatusBarStyleDefault;
				"INFOPLIST_KEY_UIStatusBarStyle[sdk=iphonesimulator*]" = UIStatusBarStyleDefault;
				INFOPLIST_KEY_UISupportedInterfaceOrientations = UIInterfaceOrientationPortrait;
				INFOPLIST_KEY_UISupportedInterfaceOrientations_iPad = "UIInterfaceOrientationLandscapeLeft UIInterfaceOrientationLandscapeRight UIInterfaceOrientationPortrait UIInterfaceOrientationPortraitUpsideDown";
				IPHONEOS_DEPLOYMENT_TARGET = 18.0;
				LD_RUNPATH_SEARCH_PATHS = "@executable_path/Frameworks";
				"LD_RUNPATH_SEARCH_PATHS[sdk=macosx*]" = "@executable_path/../Frameworks";
				LIBRARY_SEARCH_PATHS = (
					"$(inherited)",
					"$(PROJECT_DIR)/onnxruntime-release",
				);
				MACOSX_DEPLOYMENT_TARGET = 15.5;
				MARKETING_VERSION = 1.0;
				PRODUCT_BUNDLE_IDENTIFIER = "MP.geo-coord-classifier";
				PRODUCT_NAME = "$(TARGET_NAME)";
				REGISTER_APP_GROUPS = YES;
				SDKROOT = auto;
				SUPPORTED_PLATFORMS = "iphoneos iphonesimulator macosx xros xrsimulator";
				SWIFT_EMIT_LOC_STRINGS = YES;
				SWIFT_OBJC_INTEROP_MODE = objcxx;
				SWIFT_VERSION = 5.0;
				TARGETED_DEVICE_FAMILY = "1,2,7";
				XROS_DEPLOYMENT_TARGET = 2.5;
			};
			name = Release;
		};
/* End XCBuildConfiguration section */

/* Begin XCConfigurationList section */
		BF0811A22E6E177F00A17EEE /* Build configuration list for PBXNativeTarget "geo-coord-classifier-cli" */ = {
			isa = XCConfigurationList;
			buildConfigurations = (
				BF0811A02E6E177F00A17EEE /* Debug */,
				BF0811A12E6E177F00A17EEE /* Release */,
			);
			defaultConfigurationIsVisible = 0;
			defaultConfigurationName = Release;
		};
		BFF5C84A2E6D4E1A00702566 /* Build configuration list for PBXProject "geo-coord-classifier" */ = {
			isa = XCConfigurationList;
			buildConfigurations = (
				BFF5C8592E6D4E1C00702566 /* Debug */,
				BFF5C85A2E6D4E1C00702566 /* Release */,
			);
			defaultConfigurationIsVisible = 0;
			defaultConfigurationName = Release;
		};
		BFF5C85B2E6D4E1C00702566 /* Build configuration list for PBXNativeTarget "geo-coord-classifier" */ = {
			isa = XCConfigurationList;
			buildConfigurations = (
				BFF5C85C2E6D4E1C00702566 /* Debug */,
				BFF5C85D2E6D4E1C00702566 /* Release */,
			);
			defaultConfigurationIsVisible = 0;
			defaultConfigurationName = Release;
		};
/* End XCConfigurationList section */

/* Begin XCSwiftPackageProductDependency section */
		BF0811A32E6E17A300A17EEE /* classifier */ = {
			isa = XCSwiftPackageProductDependency;
			productName = classifier;
		};
		BF0811A52E6E17AE00A17EEE /* classifier */ = {
			isa = XCSwiftPackageProductDependency;
			productName = classifier;
		};
		BFF5C8662E6D4EC400702566 /* classifier */ = {
			isa = XCSwiftPackageProductDependency;
			productName = classifier;
		};
		BFF5C8692E6D4ED000702566 /* classifier */ = {
			isa = XCSwiftPackageProductDependency;
			productName = classifier;
		};
/* End XCSwiftPackageProductDependency section */
	};
	rootObject = BFF5C8472E6D4E1A00702566 /* Project object */;
}
